
Microsoft Visual Studio Solution File, Format Version 10.00
# Visual Studio 2008
Project("{8BC9CEB8-8B4A-11D0-8D11-00A0C91BC942}") = "WinDE", "WinDE.vcproj", "{289B75E3-1B61-4D11-B5D5-5CE113704995}"
EndProject
Global
	GlobalSection(SolutionConfigurationPlatforms) = preSolution
		Debug|Win32 = Debug|Win32
		Release|Win32 = Release|Win32
	EndGlobalSection
	GlobalSection(ProjectConfigurationPlatforms) = postSolution
		{289B75E3-1B61-4D11-B5D5-5CE113704995}.Debug|Win32.ActiveCfg = Debug|Win32
		{289B75E3-1B61-4D11-B5D5-5CE113704995}.Debug|Win32.Build.0 = Debug|Win32
		{289B75E3-1B61-4D11-B5D5-5CE113704995}.Release|Win32.ActiveCfg = Release|Win32
		{289B75E3-1B61-4D11-B5D5-5CE113704995}.Release|Win32.Build.0 = Release|Win32
	EndGlobalSection
	GlobalSection(SolutionProperties) = preSolution
		HideSolutionNode = FALSE
	EndGlobalSection
EndGlobal
